// !$*UTF8*$!
{
	archiveVersion = 1;
	classes = {
	};
	objectVersion = 56;
	objects = {

/* Begin PBXBuildFile section */
		840E7E7F29B9CA9C003CE39C /* HomeVC.swift in Sources */ = {isa = PBXBuildFile; fileRef = 840E7E7E29B9CA9C003CE39C /* HomeVC.swift */; };
		840E7E8329B9E04A003CE39C /* ChatTableViewCell.swift in Sources */ = {isa = PBXBuildFile; fileRef = 840E7E8129B9E04A003CE39C /* ChatTableViewCell.swift */; };
		840E7E8429B9E04A003CE39C /* ChatTableViewCell.xib in Resources */ = {isa = PBXBuildFile; fileRef = 840E7E8229B9E04A003CE39C /* ChatTableViewCell.xib */; };
		840E7E8729B9F132003CE39C /* Montserrat-SemiBold.ttf in Resources */ = {isa = PBXBuildFile; fileRef = 840E7E8629B9F132003CE39C /* Montserrat-SemiBold.ttf */; };
		840E7E8A29B9F81F003CE39C /* CommunityMainCell.swift in Sources */ = {isa = PBXBuildFile; fileRef = 840E7E8829B9F81F003CE39C /* CommunityMainCell.swift */; };
		840E7E8B29B9F81F003CE39C /* CommunityMainCell.xib in Resources */ = {isa = PBXBuildFile; fileRef = 840E7E8929B9F81F003CE39C /* CommunityMainCell.xib */; };
		840E7E8F29BA30D2003CE39C /* CommunityGroupCell.swift in Sources */ = {isa = PBXBuildFile; fileRef = 840E7E8D29BA30D2003CE39C /* CommunityGroupCell.swift */; };
		840E7E9029BA30D2003CE39C /* CommunityGroupCell.xib in Resources */ = {isa = PBXBuildFile; fileRef = 840E7E8E29BA30D2003CE39C /* CommunityGroupCell.xib */; };
		843167E12992335300908312 /* AppDelegate.swift in Sources */ = {isa = PBXBuildFile; fileRef = 843167E02992335300908312 /* AppDelegate.swift */; };
		843167E32992335300908312 /* SceneDelegate.swift in Sources */ = {isa = PBXBuildFile; fileRef = 843167E22992335300908312 /* SceneDelegate.swift */; };
		843167E82992335300908312 /* Main.storyboard in Resources */ = {isa = PBXBuildFile; fileRef = 843167E62992335300908312 /* Main.storyboard */; };
		843167EA2992335400908312 /* Assets.xcassets in Resources */ = {isa = PBXBuildFile; fileRef = 843167E92992335400908312 /* Assets.xcassets */; };
		843167ED2992335400908312 /* LaunchScreen.storyboard in Resources */ = {isa = PBXBuildFile; fileRef = 843167EB2992335400908312 /* LaunchScreen.storyboard */; };
		843167F82992335400908312 /* YoungTalentTests.swift in Sources */ = {isa = PBXBuildFile; fileRef = 843167F72992335400908312 /* YoungTalentTests.swift */; };
		843168022992335400908312 /* YoungTalentUITests.swift in Sources */ = {isa = PBXBuildFile; fileRef = 843168012992335400908312 /* YoungTalentUITests.swift */; };
		843168042992335400908312 /* YoungTalentUITestsLaunchTests.swift in Sources */ = {isa = PBXBuildFile; fileRef = 843168032992335400908312 /* YoungTalentUITestsLaunchTests.swift */; };
		8446CBDB29B0DB0C00442F53 /* WelcomeVC.swift in Sources */ = {isa = PBXBuildFile; fileRef = 8446CBDA29B0DB0C00442F53 /* WelcomeVC.swift */; };
		84BAB81029AF5F8600F5CDCC /* RegisterVC.swift in Sources */ = {isa = PBXBuildFile; fileRef = 84BAB80F29AF5F8600F5CDCC /* RegisterVC.swift */; };
		84BAB81229AF5FB600F5CDCC /* UIView+Extension.swift in Sources */ = {isa = PBXBuildFile; fileRef = 84BAB81129AF5FB600F5CDCC /* UIView+Extension.swift */; };
		84BAB81529AF637A00F5CDCC /* Montserrat-Bold.ttf in Resources */ = {isa = PBXBuildFile; fileRef = 84BAB81329AF637A00F5CDCC /* Montserrat-Bold.ttf */; };
		84BAB81629AF637A00F5CDCC /* Montserrat-Regular.ttf in Resources */ = {isa = PBXBuildFile; fileRef = 84BAB81429AF637A00F5CDCC /* Montserrat-Regular.ttf */; };
		84BAB81929AF6BB000F5CDCC /* Colors.xcassets in Resources */ = {isa = PBXBuildFile; fileRef = 84BAB81829AF6BB000F5CDCC /* Colors.xcassets */; };
		84BAB81E29AF7E6E00F5CDCC /* LoginVC.swift in Sources */ = {isa = PBXBuildFile; fileRef = 84BAB81D29AF7E6E00F5CDCC /* LoginVC.swift */; };
		84BAB82029AF974000F5CDCC /* OTPVC.swift in Sources */ = {isa = PBXBuildFile; fileRef = 84BAB81F29AF974000F5CDCC /* OTPVC.swift */; };
		84C2C84229BF140700F139D8 /* UIImageView+Extension.swift in Sources */ = {isa = PBXBuildFile; fileRef = 84C2C84129BF140700F139D8 /* UIImageView+Extension.swift */; };
		84C2C84829BF651000F139D8 /* CommunityHeader.swift in Sources */ = {isa = PBXBuildFile; fileRef = 84C2C84729BF651000F139D8 /* CommunityHeader.swift */; };
		84C2C85029BF7A1000F139D8 /* Home.storyboard in Resources */ = {isa = PBXBuildFile; fileRef = 84C2C84929BF7A1000F139D8 /* Home.storyboard */; };
		84C2C85229BF7A1000F139D8 /* HomePresenter.swift in Sources */ = {isa = PBXBuildFile; fileRef = 84C2C84B29BF7A1000F139D8 /* HomePresenter.swift */; };
		84C2C85329BF7A1000F139D8 /* HomeInteractor.swift in Sources */ = {isa = PBXBuildFile; fileRef = 84C2C84C29BF7A1000F139D8 /* HomeInteractor.swift */; };
		84C2C85429BF7A1000F139D8 /* HomeModels.swift in Sources */ = {isa = PBXBuildFile; fileRef = 84C2C84D29BF7A1000F139D8 /* HomeModels.swift */; };
		84C2C85529BF7A1000F139D8 /* HomeWorker.swift in Sources */ = {isa = PBXBuildFile; fileRef = 84C2C84E29BF7A1000F139D8 /* HomeWorker.swift */; };
		84C2C85629BF7A1000F139D8 /* HomeRouter.swift in Sources */ = {isa = PBXBuildFile; fileRef = 84C2C84F29BF7A1000F139D8 /* HomeRouter.swift */; };
		84C8EBA429C02FF10090AFCE /* CurrentUserResponse.swift in Sources */ = {isa = PBXBuildFile; fileRef = 84C8EBA329C02FF10090AFCE /* CurrentUserResponse.swift */; };
		84C8EBA629C03C070090AFCE /* UserEndpoint.swift in Sources */ = {isa = PBXBuildFile; fileRef = 84C8EBA529C03C070090AFCE /* UserEndpoint.swift */; };
		84C8EBAF29C094CE0090AFCE /* Welcome.storyboard in Resources */ = {isa = PBXBuildFile; fileRef = 84C8EBA829C094CE0090AFCE /* Welcome.storyboard */; };
		84C8EBB129C094CE0090AFCE /* WelcomePresenter.swift in Sources */ = {isa = PBXBuildFile; fileRef = 84C8EBAA29C094CE0090AFCE /* WelcomePresenter.swift */; };
		84C8EBB229C094CE0090AFCE /* WelcomeInteractor.swift in Sources */ = {isa = PBXBuildFile; fileRef = 84C8EBAB29C094CE0090AFCE /* WelcomeInteractor.swift */; };
		84C8EBB329C094CE0090AFCE /* WelcomeModels.swift in Sources */ = {isa = PBXBuildFile; fileRef = 84C8EBAC29C094CE0090AFCE /* WelcomeModels.swift */; };
		84C8EBB429C094CE0090AFCE /* WelcomeWorker.swift in Sources */ = {isa = PBXBuildFile; fileRef = 84C8EBAD29C094CE0090AFCE /* WelcomeWorker.swift */; };
		84C8EBB529C094CE0090AFCE /* WelcomeRouter.swift in Sources */ = {isa = PBXBuildFile; fileRef = 84C8EBAE29C094CE0090AFCE /* WelcomeRouter.swift */; };
		84C8EBBD29C0A0BC0090AFCE /* Register.storyboard in Resources */ = {isa = PBXBuildFile; fileRef = 84C8EBB629C0A0BC0090AFCE /* Register.storyboard */; };
		84C8EBBF29C0A0BC0090AFCE /* RegisterPresenter.swift in Sources */ = {isa = PBXBuildFile; fileRef = 84C8EBB829C0A0BC0090AFCE /* RegisterPresenter.swift */; };
		84C8EBC029C0A0BC0090AFCE /* RegisterInteractor.swift in Sources */ = {isa = PBXBuildFile; fileRef = 84C8EBB929C0A0BC0090AFCE /* RegisterInteractor.swift */; };
		84C8EBC129C0A0BC0090AFCE /* RegisterModels.swift in Sources */ = {isa = PBXBuildFile; fileRef = 84C8EBBA29C0A0BC0090AFCE /* RegisterModels.swift */; };
		84C8EBC229C0A0BC0090AFCE /* RegisterWorker.swift in Sources */ = {isa = PBXBuildFile; fileRef = 84C8EBBB29C0A0BC0090AFCE /* RegisterWorker.swift */; };
		84C8EBC329C0A0BC0090AFCE /* RegisterRouter.swift in Sources */ = {isa = PBXBuildFile; fileRef = 84C8EBBC29C0A0BC0090AFCE /* RegisterRouter.swift */; };
		84C8EBCD29C0CDB80090AFCE /* Login.storyboard in Resources */ = {isa = PBXBuildFile; fileRef = 84C8EBC629C0CDB80090AFCE /* Login.storyboard */; };
		84C8EBCF29C0CDB80090AFCE /* LoginPresenter.swift in Sources */ = {isa = PBXBuildFile; fileRef = 84C8EBC829C0CDB80090AFCE /* LoginPresenter.swift */; };
		84C8EBD029C0CDB80090AFCE /* LoginInteractor.swift in Sources */ = {isa = PBXBuildFile; fileRef = 84C8EBC929C0CDB80090AFCE /* LoginInteractor.swift */; };
		84C8EBD129C0CDB80090AFCE /* LoginModels.swift in Sources */ = {isa = PBXBuildFile; fileRef = 84C8EBCA29C0CDB80090AFCE /* LoginModels.swift */; };
		84C8EBD229C0CDB80090AFCE /* LoginWorker.swift in Sources */ = {isa = PBXBuildFile; fileRef = 84C8EBCB29C0CDB80090AFCE /* LoginWorker.swift */; };
		84C8EBD329C0CDB80090AFCE /* LoginRouter.swift in Sources */ = {isa = PBXBuildFile; fileRef = 84C8EBCC29C0CDB80090AFCE /* LoginRouter.swift */; };
		84EB4E1C29BB0D3C002C64CE /* RequestMethod.swift in Sources */ = {isa = PBXBuildFile; fileRef = 84EB4E1B29BB0D3C002C64CE /* RequestMethod.swift */; };
		84EB4E1E29BB0D66002C64CE /* RequestError.swift in Sources */ = {isa = PBXBuildFile; fileRef = 84EB4E1D29BB0D66002C64CE /* RequestError.swift */; };
		84EB4E2029BB0DCC002C64CE /* HTTPClient.swift in Sources */ = {isa = PBXBuildFile; fileRef = 84EB4E1F29BB0DCC002C64CE /* HTTPClient.swift */; };
		84EB4E2229BB0DEE002C64CE /* Endpoint.swift in Sources */ = {isa = PBXBuildFile; fileRef = 84EB4E2129BB0DEE002C64CE /* Endpoint.swift */; };
		84EB4E2629BB1A1B002C64CE /* AllGroupsResponse.swift in Sources */ = {isa = PBXBuildFile; fileRef = 84EB4E2529BB1A1B002C64CE /* AllGroupsResponse.swift */; };
		84EB4E2829BB1F57002C64CE /* GroupsEndpoint.swift in Sources */ = {isa = PBXBuildFile; fileRef = 84EB4E2729BB1F57002C64CE /* GroupsEndpoint.swift */; };
/* End PBXBuildFile section */

/* Begin PBXContainerItemProxy section */
		843167F42992335400908312 /* PBXContainerItemProxy */ = {
			isa = PBXContainerItemProxy;
			containerPortal = 843167D52992335200908312 /* Project object */;
			proxyType = 1;
			remoteGlobalIDString = 843167DC2992335300908312;
			remoteInfo = YoungTalent;
		};
		843167FE2992335400908312 /* PBXContainerItemProxy */ = {
			isa = PBXContainerItemProxy;
			containerPortal = 843167D52992335200908312 /* Project object */;
			proxyType = 1;
			remoteGlobalIDString = 843167DC2992335300908312;
			remoteInfo = YoungTalent;
		};
/* End PBXContainerItemProxy section */

/* Begin PBXFileReference section */
		840E7E7E29B9CA9C003CE39C /* HomeVC.swift */ = {isa = PBXFileReference; lastKnownFileType = sourcecode.swift; path = HomeVC.swift; sourceTree = "<group>"; };
		840E7E8129B9E04A003CE39C /* ChatTableViewCell.swift */ = {isa = PBXFileReference; lastKnownFileType = sourcecode.swift; path = ChatTableViewCell.swift; sourceTree = "<group>"; };
		840E7E8229B9E04A003CE39C /* ChatTableViewCell.xib */ = {isa = PBXFileReference; lastKnownFileType = file.xib; path = ChatTableViewCell.xib; sourceTree = "<group>"; };
		840E7E8629B9F132003CE39C /* Montserrat-SemiBold.ttf */ = {isa = PBXFileReference; lastKnownFileType = file; path = "Montserrat-SemiBold.ttf"; sourceTree = "<group>"; };
		840E7E8829B9F81F003CE39C /* CommunityMainCell.swift */ = {isa = PBXFileReference; lastKnownFileType = sourcecode.swift; path = CommunityMainCell.swift; sourceTree = "<group>"; };
		840E7E8929B9F81F003CE39C /* CommunityMainCell.xib */ = {isa = PBXFileReference; lastKnownFileType = file.xib; path = CommunityMainCell.xib; sourceTree = "<group>"; };
		840E7E8D29BA30D2003CE39C /* CommunityGroupCell.swift */ = {isa = PBXFileReference; lastKnownFileType = sourcecode.swift; path = CommunityGroupCell.swift; sourceTree = "<group>"; };
		840E7E8E29BA30D2003CE39C /* CommunityGroupCell.xib */ = {isa = PBXFileReference; lastKnownFileType = file.xib; path = CommunityGroupCell.xib; sourceTree = "<group>"; };
		843167DD2992335300908312 /* YoungTalentProd.app */ = {isa = PBXFileReference; explicitFileType = wrapper.application; includeInIndex = 0; path = YoungTalentProd.app; sourceTree = BUILT_PRODUCTS_DIR; };
		843167E02992335300908312 /* AppDelegate.swift */ = {isa = PBXFileReference; lastKnownFileType = sourcecode.swift; path = AppDelegate.swift; sourceTree = "<group>"; };
		843167E22992335300908312 /* SceneDelegate.swift */ = {isa = PBXFileReference; lastKnownFileType = sourcecode.swift; path = SceneDelegate.swift; sourceTree = "<group>"; };
		843167E72992335300908312 /* Base */ = {isa = PBXFileReference; lastKnownFileType = file.storyboard; name = Base; path = Base.lproj/Main.storyboard; sourceTree = "<group>"; };
		843167E92992335400908312 /* Assets.xcassets */ = {isa = PBXFileReference; lastKnownFileType = folder.assetcatalog; path = Assets.xcassets; sourceTree = "<group>"; };
		843167EC2992335400908312 /* Base */ = {isa = PBXFileReference; lastKnownFileType = file.storyboard; name = Base; path = Base.lproj/LaunchScreen.storyboard; sourceTree = "<group>"; };
		843167EE2992335400908312 /* Info.plist */ = {isa = PBXFileReference; lastKnownFileType = text.plist.xml; path = Info.plist; sourceTree = "<group>"; };
		843167F32992335400908312 /* YoungTalentTests.xctest */ = {isa = PBXFileReference; explicitFileType = wrapper.cfbundle; includeInIndex = 0; path = YoungTalentTests.xctest; sourceTree = BUILT_PRODUCTS_DIR; };
		843167F72992335400908312 /* YoungTalentTests.swift */ = {isa = PBXFileReference; lastKnownFileType = sourcecode.swift; path = YoungTalentTests.swift; sourceTree = "<group>"; };
		843167FD2992335400908312 /* YoungTalentUITests.xctest */ = {isa = PBXFileReference; explicitFileType = wrapper.cfbundle; includeInIndex = 0; path = YoungTalentUITests.xctest; sourceTree = BUILT_PRODUCTS_DIR; };
		843168012992335400908312 /* YoungTalentUITests.swift */ = {isa = PBXFileReference; lastKnownFileType = sourcecode.swift; path = YoungTalentUITests.swift; sourceTree = "<group>"; };
		843168032992335400908312 /* YoungTalentUITestsLaunchTests.swift */ = {isa = PBXFileReference; lastKnownFileType = sourcecode.swift; path = YoungTalentUITestsLaunchTests.swift; sourceTree = "<group>"; };
		843168112992338500908312 /* Production.xcconfig */ = {isa = PBXFileReference; lastKnownFileType = text.xcconfig; path = Production.xcconfig; sourceTree = "<group>"; };
		843168122992339400908312 /* Development.xcconfig */ = {isa = PBXFileReference; lastKnownFileType = text.xcconfig; path = Development.xcconfig; sourceTree = "<group>"; };
		8446CBDA29B0DB0C00442F53 /* WelcomeVC.swift */ = {isa = PBXFileReference; lastKnownFileType = sourcecode.swift; path = WelcomeVC.swift; sourceTree = "<group>"; };
		84BAB80F29AF5F8600F5CDCC /* RegisterVC.swift */ = {isa = PBXFileReference; lastKnownFileType = sourcecode.swift; path = RegisterVC.swift; sourceTree = "<group>"; };
		84BAB81129AF5FB600F5CDCC /* UIView+Extension.swift */ = {isa = PBXFileReference; lastKnownFileType = sourcecode.swift; path = "UIView+Extension.swift"; sourceTree = "<group>"; };
		84BAB81329AF637A00F5CDCC /* Montserrat-Bold.ttf */ = {isa = PBXFileReference; lastKnownFileType = file; path = "Montserrat-Bold.ttf"; sourceTree = "<group>"; };
		84BAB81429AF637A00F5CDCC /* Montserrat-Regular.ttf */ = {isa = PBXFileReference; lastKnownFileType = file; path = "Montserrat-Regular.ttf"; sourceTree = "<group>"; };
		84BAB81829AF6BB000F5CDCC /* Colors.xcassets */ = {isa = PBXFileReference; lastKnownFileType = folder.assetcatalog; path = Colors.xcassets; sourceTree = "<group>"; };
		84BAB81D29AF7E6E00F5CDCC /* LoginVC.swift */ = {isa = PBXFileReference; lastKnownFileType = sourcecode.swift; path = LoginVC.swift; sourceTree = "<group>"; };
		84BAB81F29AF974000F5CDCC /* OTPVC.swift */ = {isa = PBXFileReference; lastKnownFileType = sourcecode.swift; path = OTPVC.swift; sourceTree = "<group>"; };
		84C2C84129BF140700F139D8 /* UIImageView+Extension.swift */ = {isa = PBXFileReference; lastKnownFileType = sourcecode.swift; path = "UIImageView+Extension.swift"; sourceTree = "<group>"; };
		84C2C84729BF651000F139D8 /* CommunityHeader.swift */ = {isa = PBXFileReference; lastKnownFileType = sourcecode.swift; path = CommunityHeader.swift; sourceTree = "<group>"; };
		84C2C84929BF7A1000F139D8 /* Home.storyboard */ = {isa = PBXFileReference; lastKnownFileType = file.storyboard; path = Home.storyboard; sourceTree = "<group>"; };
		84C2C84B29BF7A1000F139D8 /* HomePresenter.swift */ = {isa = PBXFileReference; lastKnownFileType = sourcecode.swift; path = HomePresenter.swift; sourceTree = "<group>"; };
		84C2C84C29BF7A1000F139D8 /* HomeInteractor.swift */ = {isa = PBXFileReference; lastKnownFileType = sourcecode.swift; path = HomeInteractor.swift; sourceTree = "<group>"; };
		84C2C84D29BF7A1000F139D8 /* HomeModels.swift */ = {isa = PBXFileReference; lastKnownFileType = sourcecode.swift; path = HomeModels.swift; sourceTree = "<group>"; };
		84C2C84E29BF7A1000F139D8 /* HomeWorker.swift */ = {isa = PBXFileReference; lastKnownFileType = sourcecode.swift; path = HomeWorker.swift; sourceTree = "<group>"; };
		84C2C84F29BF7A1000F139D8 /* HomeRouter.swift */ = {isa = PBXFileReference; lastKnownFileType = sourcecode.swift; path = HomeRouter.swift; sourceTree = "<group>"; };
		84C8EBA329C02FF10090AFCE /* CurrentUserResponse.swift */ = {isa = PBXFileReference; lastKnownFileType = sourcecode.swift; path = CurrentUserResponse.swift; sourceTree = "<group>"; };
		84C8EBA529C03C070090AFCE /* UserEndpoint.swift */ = {isa = PBXFileReference; lastKnownFileType = sourcecode.swift; path = UserEndpoint.swift; sourceTree = "<group>"; };
		84C8EBA829C094CE0090AFCE /* Welcome.storyboard */ = {isa = PBXFileReference; lastKnownFileType = file.storyboard; path = Welcome.storyboard; sourceTree = "<group>"; };
		84C8EBAA29C094CE0090AFCE /* WelcomePresenter.swift */ = {isa = PBXFileReference; lastKnownFileType = sourcecode.swift; path = WelcomePresenter.swift; sourceTree = "<group>"; };
		84C8EBAB29C094CE0090AFCE /* WelcomeInteractor.swift */ = {isa = PBXFileReference; lastKnownFileType = sourcecode.swift; path = WelcomeInteractor.swift; sourceTree = "<group>"; };
		84C8EBAC29C094CE0090AFCE /* WelcomeModels.swift */ = {isa = PBXFileReference; lastKnownFileType = sourcecode.swift; path = WelcomeModels.swift; sourceTree = "<group>"; };
		84C8EBAD29C094CE0090AFCE /* WelcomeWorker.swift */ = {isa = PBXFileReference; lastKnownFileType = sourcecode.swift; path = WelcomeWorker.swift; sourceTree = "<group>"; };
		84C8EBAE29C094CE0090AFCE /* WelcomeRouter.swift */ = {isa = PBXFileReference; lastKnownFileType = sourcecode.swift; path = WelcomeRouter.swift; sourceTree = "<group>"; };
		84C8EBB629C0A0BC0090AFCE /* Register.storyboard */ = {isa = PBXFileReference; lastKnownFileType = file.storyboard; path = Register.storyboard; sourceTree = "<group>"; };
		84C8EBB829C0A0BC0090AFCE /* RegisterPresenter.swift */ = {isa = PBXFileReference; lastKnownFileType = sourcecode.swift; path = RegisterPresenter.swift; sourceTree = "<group>"; };
		84C8EBB929C0A0BC0090AFCE /* RegisterInteractor.swift */ = {isa = PBXFileReference; lastKnownFileType = sourcecode.swift; path = RegisterInteractor.swift; sourceTree = "<group>"; };
		84C8EBBA29C0A0BC0090AFCE /* RegisterModels.swift */ = {isa = PBXFileReference; lastKnownFileType = sourcecode.swift; path = RegisterModels.swift; sourceTree = "<group>"; };
		84C8EBBB29C0A0BC0090AFCE /* RegisterWorker.swift */ = {isa = PBXFileReference; lastKnownFileType = sourcecode.swift; path = RegisterWorker.swift; sourceTree = "<group>"; };
		84C8EBBC29C0A0BC0090AFCE /* RegisterRouter.swift */ = {isa = PBXFileReference; lastKnownFileType = sourcecode.swift; path = RegisterRouter.swift; sourceTree = "<group>"; };
		84C8EBC629C0CDB80090AFCE /* Login.storyboard */ = {isa = PBXFileReference; lastKnownFileType = file.storyboard; path = Login.storyboard; sourceTree = "<group>"; };
		84C8EBC829C0CDB80090AFCE /* LoginPresenter.swift */ = {isa = PBXFileReference; lastKnownFileType = sourcecode.swift; path = LoginPresenter.swift; sourceTree = "<group>"; };
		84C8EBC929C0CDB80090AFCE /* LoginInteractor.swift */ = {isa = PBXFileReference; lastKnownFileType = sourcecode.swift; path = LoginInteractor.swift; sourceTree = "<group>"; };
		84C8EBCA29C0CDB80090AFCE /* LoginModels.swift */ = {isa = PBXFileReference; lastKnownFileType = sourcecode.swift; path = LoginModels.swift; sourceTree = "<group>"; };
		84C8EBCB29C0CDB80090AFCE /* LoginWorker.swift */ = {isa = PBXFileReference; lastKnownFileType = sourcecode.swift; path = LoginWorker.swift; sourceTree = "<group>"; };
		84C8EBCC29C0CDB80090AFCE /* LoginRouter.swift */ = {isa = PBXFileReference; lastKnownFileType = sourcecode.swift; path = LoginRouter.swift; sourceTree = "<group>"; };
		84EB4E1B29BB0D3C002C64CE /* RequestMethod.swift */ = {isa = PBXFileReference; lastKnownFileType = sourcecode.swift; path = RequestMethod.swift; sourceTree = "<group>"; };
		84EB4E1D29BB0D66002C64CE /* RequestError.swift */ = {isa = PBXFileReference; lastKnownFileType = sourcecode.swift; path = RequestError.swift; sourceTree = "<group>"; };
		84EB4E1F29BB0DCC002C64CE /* HTTPClient.swift */ = {isa = PBXFileReference; lastKnownFileType = sourcecode.swift; path = HTTPClient.swift; sourceTree = "<group>"; };
		84EB4E2129BB0DEE002C64CE /* Endpoint.swift */ = {isa = PBXFileReference; lastKnownFileType = sourcecode.swift; path = Endpoint.swift; sourceTree = "<group>"; };
		84EB4E2529BB1A1B002C64CE /* AllGroupsResponse.swift */ = {isa = PBXFileReference; lastKnownFileType = sourcecode.swift; path = AllGroupsResponse.swift; sourceTree = "<group>"; };
		84EB4E2729BB1F57002C64CE /* GroupsEndpoint.swift */ = {isa = PBXFileReference; lastKnownFileType = sourcecode.swift; path = GroupsEndpoint.swift; sourceTree = "<group>"; };
/* End PBXFileReference section */

/* Begin PBXFrameworksBuildPhase section */
		843167DA2992335300908312 /* Frameworks */ = {
			isa = PBXFrameworksBuildPhase;
			buildActionMask = 2147483647;
			files = (
			);
			runOnlyForDeploymentPostprocessing = 0;
		};
		843167F02992335400908312 /* Frameworks */ = {
			isa = PBXFrameworksBuildPhase;
			buildActionMask = 2147483647;
			files = (
			);
			runOnlyForDeploymentPostprocessing = 0;
		};
		843167FA2992335400908312 /* Frameworks */ = {
			isa = PBXFrameworksBuildPhase;
			buildActionMask = 2147483647;
			files = (
			);
			runOnlyForDeploymentPostprocessing = 0;
		};
/* End PBXFrameworksBuildPhase section */

/* Begin PBXGroup section */
		840E7E8529B9E050003CE39C /* Cells */ = {
			isa = PBXGroup;
			children = (
				84C2C85929BFA64200F139D8 /* CollectionView */,
				84C2C85A29BFA68300F139D8 /* TableView */,
			);
			path = Cells;
			sourceTree = "<group>";
		};
		843167D42992335200908312 = {
			isa = PBXGroup;
			children = (
				843168102992337400908312 /* Configuration */,
				843167DF2992335300908312 /* YoungTalent */,
				843167F62992335400908312 /* YoungTalentTests */,
				843168002992335400908312 /* YoungTalentUITests */,
				843167DE2992335300908312 /* Products */,
			);
			sourceTree = "<group>";
		};
		843167DE2992335300908312 /* Products */ = {
			isa = PBXGroup;
			children = (
				843167DD2992335300908312 /* YoungTalentProd.app */,
				843167F32992335400908312 /* YoungTalentTests.xctest */,
				843167FD2992335400908312 /* YoungTalentUITests.xctest */,
			);
			name = Products;
			sourceTree = "<group>";
		};
		843167DF2992335300908312 /* YoungTalent */ = {
			isa = PBXGroup;
			children = (
				84EB4E1A29BB0D1B002C64CE /* Networking */,
				84BAB81A29AF7D8000F5CDCC /* Application */,
				84BAB81B29AF7D8B00F5CDCC /* Utils */,
				84BAB81F29AF974000F5CDCC /* OTPVC.swift */,
				84C2C85829BF7AA900F139D8 /* Scenes */,
				843167E62992335300908312 /* Main.storyboard */,
				843167EB2992335400908312 /* LaunchScreen.storyboard */,
				84BAB81C29AF7DAB00F5CDCC /* Resources */,
			);
			path = YoungTalent;
			sourceTree = "<group>";
		};
		843167F62992335400908312 /* YoungTalentTests */ = {
			isa = PBXGroup;
			children = (
				843167F72992335400908312 /* YoungTalentTests.swift */,
			);
			path = YoungTalentTests;
			sourceTree = "<group>";
		};
		843168002992335400908312 /* YoungTalentUITests */ = {
			isa = PBXGroup;
			children = (
				843168012992335400908312 /* YoungTalentUITests.swift */,
				843168032992335400908312 /* YoungTalentUITestsLaunchTests.swift */,
			);
			path = YoungTalentUITests;
			sourceTree = "<group>";
		};
		843168102992337400908312 /* Configuration */ = {
			isa = PBXGroup;
			children = (
				843168112992338500908312 /* Production.xcconfig */,
				843168122992339400908312 /* Development.xcconfig */,
			);
			path = Configuration;
			sourceTree = "<group>";
		};
		84BAB81729AF638E00F5CDCC /* Fonts */ = {
			isa = PBXGroup;
			children = (
				84BAB81329AF637A00F5CDCC /* Montserrat-Bold.ttf */,
				84BAB81429AF637A00F5CDCC /* Montserrat-Regular.ttf */,
				840E7E8629B9F132003CE39C /* Montserrat-SemiBold.ttf */,
			);
			path = Fonts;
			sourceTree = "<group>";
		};
		84BAB81A29AF7D8000F5CDCC /* Application */ = {
			isa = PBXGroup;
			children = (
				843167E02992335300908312 /* AppDelegate.swift */,
				843167E22992335300908312 /* SceneDelegate.swift */,
			);
			path = Application;
			sourceTree = "<group>";
		};
		84BAB81B29AF7D8B00F5CDCC /* Utils */ = {
			isa = PBXGroup;
			children = (
				84BAB81129AF5FB600F5CDCC /* UIView+Extension.swift */,
				84C2C84129BF140700F139D8 /* UIImageView+Extension.swift */,
			);
			path = Utils;
			sourceTree = "<group>";
		};
		84BAB81C29AF7DAB00F5CDCC /* Resources */ = {
			isa = PBXGroup;
			children = (
				843167E92992335400908312 /* Assets.xcassets */,
				84BAB81829AF6BB000F5CDCC /* Colors.xcassets */,
				843167EE2992335400908312 /* Info.plist */,
				84BAB81729AF638E00F5CDCC /* Fonts */,
			);
			path = Resources;
			sourceTree = "<group>";
		};
		84C2C85729BF7AA400F139D8 /* Home */ = {
			isa = PBXGroup;
			children = (
				840E7E8529B9E050003CE39C /* Cells */,
				84C2C84929BF7A1000F139D8 /* Home.storyboard */,
				840E7E7E29B9CA9C003CE39C /* HomeVC.swift */,
				84C2C84B29BF7A1000F139D8 /* HomePresenter.swift */,
				84C2C84C29BF7A1000F139D8 /* HomeInteractor.swift */,
				84C2C84D29BF7A1000F139D8 /* HomeModels.swift */,
				84C2C84E29BF7A1000F139D8 /* HomeWorker.swift */,
				84C2C84F29BF7A1000F139D8 /* HomeRouter.swift */,
			);
			path = Home;
			sourceTree = "<group>";
		};
		84C2C85829BF7AA900F139D8 /* Scenes */ = {
			isa = PBXGroup;
			children = (
				84C8EBC529C0CDA90090AFCE /* Login */,
				84C8EBA729C094290090AFCE /* Welcome */,
				84C8EBC429C0A0C60090AFCE /* Register */,
				84C2C85729BF7AA400F139D8 /* Home */,
			);
			path = Scenes;
			sourceTree = "<group>";
		};
		84C2C85929BFA64200F139D8 /* CollectionView */ = {
			isa = PBXGroup;
			children = (
				840E7E8829B9F81F003CE39C /* CommunityMainCell.swift */,
				840E7E8929B9F81F003CE39C /* CommunityMainCell.xib */,
				840E7E8D29BA30D2003CE39C /* CommunityGroupCell.swift */,
				840E7E8E29BA30D2003CE39C /* CommunityGroupCell.xib */,
				84C2C84729BF651000F139D8 /* CommunityHeader.swift */,
			);
			path = CollectionView;
			sourceTree = "<group>";
		};
		84C2C85A29BFA68300F139D8 /* TableView */ = {
			isa = PBXGroup;
			children = (
				840E7E8129B9E04A003CE39C /* ChatTableViewCell.swift */,
				840E7E8229B9E04A003CE39C /* ChatTableViewCell.xib */,
			);
			path = TableView;
			sourceTree = "<group>";
		};
		84C8EBA729C094290090AFCE /* Welcome */ = {
			isa = PBXGroup;
			children = (
				84C8EBA829C094CE0090AFCE /* Welcome.storyboard */,
				8446CBDA29B0DB0C00442F53 /* WelcomeVC.swift */,
				84C8EBAA29C094CE0090AFCE /* WelcomePresenter.swift */,
				84C8EBAB29C094CE0090AFCE /* WelcomeInteractor.swift */,
				84C8EBAC29C094CE0090AFCE /* WelcomeModels.swift */,
				84C8EBAD29C094CE0090AFCE /* WelcomeWorker.swift */,
				84C8EBAE29C094CE0090AFCE /* WelcomeRouter.swift */,
			);
			path = Welcome;
			sourceTree = "<group>";
		};
		84C8EBC429C0A0C60090AFCE /* Register */ = {
			isa = PBXGroup;
			children = (
				84C8EBB629C0A0BC0090AFCE /* Register.storyboard */,
				84BAB80F29AF5F8600F5CDCC /* RegisterVC.swift */,
				84C8EBB829C0A0BC0090AFCE /* RegisterPresenter.swift */,
				84C8EBB929C0A0BC0090AFCE /* RegisterInteractor.swift */,
				84C8EBBA29C0A0BC0090AFCE /* RegisterModels.swift */,
				84C8EBBB29C0A0BC0090AFCE /* RegisterWorker.swift */,
				84C8EBBC29C0A0BC0090AFCE /* RegisterRouter.swift */,
			);
			path = Register;
			sourceTree = "<group>";
		};
		84C8EBC529C0CDA90090AFCE /* Login */ = {
			isa = PBXGroup;
			children = (
				84C8EBC629C0CDB80090AFCE /* Login.storyboard */,
				84BAB81D29AF7E6E00F5CDCC /* LoginVC.swift */,
				84C8EBC829C0CDB80090AFCE /* LoginPresenter.swift */,
				84C8EBC929C0CDB80090AFCE /* LoginInteractor.swift */,
				84C8EBCA29C0CDB80090AFCE /* LoginModels.swift */,
				84C8EBCB29C0CDB80090AFCE /* LoginWorker.swift */,
				84C8EBCC29C0CDB80090AFCE /* LoginRouter.swift */,
			);
			path = Login;
			sourceTree = "<group>";
		};
		84EB4E1A29BB0D1B002C64CE /* Networking */ = {
			isa = PBXGroup;
			children = (
				84EB4E1B29BB0D3C002C64CE /* RequestMethod.swift */,
				84EB4E1D29BB0D66002C64CE /* RequestError.swift */,
				84EB4E1F29BB0DCC002C64CE /* HTTPClient.swift */,
				84EB4E2429BB17A8002C64CE /* Responses */,
				84EB4E2329BB0DFF002C64CE /* Endpoint */,
			);
			path = Networking;
			sourceTree = "<group>";
		};
		84EB4E2329BB0DFF002C64CE /* Endpoint */ = {
			isa = PBXGroup;
			children = (
				84EB4E2129BB0DEE002C64CE /* Endpoint.swift */,
				84EB4E2729BB1F57002C64CE /* GroupsEndpoint.swift */,
				84C8EBA529C03C070090AFCE /* UserEndpoint.swift */,
			);
			path = Endpoint;
			sourceTree = "<group>";
		};
		84EB4E2429BB17A8002C64CE /* Responses */ = {
			isa = PBXGroup;
			children = (
				84EB4E2529BB1A1B002C64CE /* AllGroupsResponse.swift */,
				84C8EBA329C02FF10090AFCE /* CurrentUserResponse.swift */,
			);
			path = Responses;
			sourceTree = "<group>";
		};
/* End PBXGroup section */

/* Begin PBXNativeTarget section */
		843167DC2992335300908312 /* YoungTalent */ = {
			isa = PBXNativeTarget;
			buildConfigurationList = 843168072992335400908312 /* Build configuration list for PBXNativeTarget "YoungTalent" */;
			buildPhases = (
				843167D92992335300908312 /* Sources */,
				843167DA2992335300908312 /* Frameworks */,
				843167DB2992335300908312 /* Resources */,
			);
			buildRules = (
			);
			dependencies = (
			);
			name = YoungTalent;
			productName = YoungTalent;
			productReference = 843167DD2992335300908312 /* YoungTalentProd.app */;
			productType = "com.apple.product-type.application";
		};
		843167F22992335400908312 /* YoungTalentTests */ = {
			isa = PBXNativeTarget;
			buildConfigurationList = 8431680A2992335400908312 /* Build configuration list for PBXNativeTarget "YoungTalentTests" */;
			buildPhases = (
				843167EF2992335400908312 /* Sources */,
				843167F02992335400908312 /* Frameworks */,
				843167F12992335400908312 /* Resources */,
			);
			buildRules = (
			);
			dependencies = (
				843167F52992335400908312 /* PBXTargetDependency */,
			);
			name = YoungTalentTests;
			productName = YoungTalentTests;
			productReference = 843167F32992335400908312 /* YoungTalentTests.xctest */;
			productType = "com.apple.product-type.bundle.unit-test";
		};
		843167FC2992335400908312 /* YoungTalentUITests */ = {
			isa = PBXNativeTarget;
			buildConfigurationList = 8431680D2992335400908312 /* Build configuration list for PBXNativeTarget "YoungTalentUITests" */;
			buildPhases = (
				843167F92992335400908312 /* Sources */,
				843167FA2992335400908312 /* Frameworks */,
				843167FB2992335400908312 /* Resources */,
			);
			buildRules = (
			);
			dependencies = (
				843167FF2992335400908312 /* PBXTargetDependency */,
			);
			name = YoungTalentUITests;
			productName = YoungTalentUITests;
			productReference = 843167FD2992335400908312 /* YoungTalentUITests.xctest */;
			productType = "com.apple.product-type.bundle.ui-testing";
		};
/* End PBXNativeTarget section */

/* Begin PBXProject section */
		843167D52992335200908312 /* Project object */ = {
			isa = PBXProject;
			attributes = {
				BuildIndependentTargetsInParallel = 1;
				LastSwiftUpdateCheck = 1420;
				LastUpgradeCheck = 1420;
				TargetAttributes = {
					843167DC2992335300908312 = {
						CreatedOnToolsVersion = 14.2;
					};
					843167F22992335400908312 = {
						CreatedOnToolsVersion = 14.2;
						TestTargetID = 843167DC2992335300908312;
					};
					843167FC2992335400908312 = {
						CreatedOnToolsVersion = 14.2;
						TestTargetID = 843167DC2992335300908312;
					};
				};
			};
			buildConfigurationList = 843167D82992335200908312 /* Build configuration list for PBXProject "YoungTalent" */;
			compatibilityVersion = "Xcode 14.0";
			developmentRegion = en;
			hasScannedForEncodings = 0;
			knownRegions = (
				en,
				Base,
			);
			mainGroup = 843167D42992335200908312;
			productRefGroup = 843167DE2992335300908312 /* Products */;
			projectDirPath = "";
			projectRoot = "";
			targets = (
				843167DC2992335300908312 /* YoungTalent */,
				843167F22992335400908312 /* YoungTalentTests */,
				843167FC2992335400908312 /* YoungTalentUITests */,
			);
		};
/* End PBXProject section */

/* Begin PBXResourcesBuildPhase section */
		843167DB2992335300908312 /* Resources */ = {
			isa = PBXResourcesBuildPhase;
			buildActionMask = 2147483647;
			files = (
				84BAB81529AF637A00F5CDCC /* Montserrat-Bold.ttf in Resources */,
				84C2C85029BF7A1000F139D8 /* Home.storyboard in Resources */,
				84C8EBCD29C0CDB80090AFCE /* Login.storyboard in Resources */,
				84C8EBBD29C0A0BC0090AFCE /* Register.storyboard in Resources */,
				843167ED2992335400908312 /* LaunchScreen.storyboard in Resources */,
				843167EA2992335400908312 /* Assets.xcassets in Resources */,
				84BAB81929AF6BB000F5CDCC /* Colors.xcassets in Resources */,
				84C8EBAF29C094CE0090AFCE /* Welcome.storyboard in Resources */,
				840E7E9029BA30D2003CE39C /* CommunityGroupCell.xib in Resources */,
				84BAB81629AF637A00F5CDCC /* Montserrat-Regular.ttf in Resources */,
				840E7E8429B9E04A003CE39C /* ChatTableViewCell.xib in Resources */,
				840E7E8B29B9F81F003CE39C /* CommunityMainCell.xib in Resources */,
				840E7E8729B9F132003CE39C /* Montserrat-SemiBold.ttf in Resources */,
				843167E82992335300908312 /* Main.storyboard in Resources */,
			);
			runOnlyForDeploymentPostprocessing = 0;
		};
		843167F12992335400908312 /* Resources */ = {
			isa = PBXResourcesBuildPhase;
			buildActionMask = 2147483647;
			files = (
			);
			runOnlyForDeploymentPostprocessing = 0;
		};
		843167FB2992335400908312 /* Resources */ = {
			isa = PBXResourcesBuildPhase;
			buildActionMask = 2147483647;
			files = (
			);
			runOnlyForDeploymentPostprocessing = 0;
		};
/* End PBXResourcesBuildPhase section */

/* Begin PBXSourcesBuildPhase section */
		843167D92992335300908312 /* Sources */ = {
			isa = PBXSourcesBuildPhase;
			buildActionMask = 2147483647;
			files = (
				84C2C85229BF7A1000F139D8 /* HomePresenter.swift in Sources */,
				84C8EBD129C0CDB80090AFCE /* LoginModels.swift in Sources */,
				84C2C85329BF7A1000F139D8 /* HomeInteractor.swift in Sources */,
				84EB4E2829BB1F57002C64CE /* GroupsEndpoint.swift in Sources */,
				84BAB81029AF5F8600F5CDCC /* RegisterVC.swift in Sources */,
				84C8EBCF29C0CDB80090AFCE /* LoginPresenter.swift in Sources */,
				840E7E7F29B9CA9C003CE39C /* HomeVC.swift in Sources */,
				84C8EBC029C0A0BC0090AFCE /* RegisterInteractor.swift in Sources */,
				84C8EBA629C03C070090AFCE /* UserEndpoint.swift in Sources */,
				84C8EBB229C094CE0090AFCE /* WelcomeInteractor.swift in Sources */,
				84C2C85429BF7A1000F139D8 /* HomeModels.swift in Sources */,
				84BAB81E29AF7E6E00F5CDCC /* LoginVC.swift in Sources */,
				84C8EBB129C094CE0090AFCE /* WelcomePresenter.swift in Sources */,
				840E7E8329B9E04A003CE39C /* ChatTableViewCell.swift in Sources */,
				84C8EBC329C0A0BC0090AFCE /* RegisterRouter.swift in Sources */,
				84EB4E2229BB0DEE002C64CE /* Endpoint.swift in Sources */,
				84C2C84829BF651000F139D8 /* CommunityHeader.swift in Sources */,
				84EB4E1C29BB0D3C002C64CE /* RequestMethod.swift in Sources */,
				84C8EBA429C02FF10090AFCE /* CurrentUserResponse.swift in Sources */,
				840E7E8A29B9F81F003CE39C /* CommunityMainCell.swift in Sources */,
				84BAB81229AF5FB600F5CDCC /* UIView+Extension.swift in Sources */,
				84C8EBC229C0A0BC0090AFCE /* RegisterWorker.swift in Sources */,
				84BAB82029AF974000F5CDCC /* OTPVC.swift in Sources */,
				84C2C85629BF7A1000F139D8 /* HomeRouter.swift in Sources */,
				84C8EBD029C0CDB80090AFCE /* LoginInteractor.swift in Sources */,
				840E7E8F29BA30D2003CE39C /* CommunityGroupCell.swift in Sources */,
				84C8EBD329C0CDB80090AFCE /* LoginRouter.swift in Sources */,
				84C8EBB429C094CE0090AFCE /* WelcomeWorker.swift in Sources */,
				84EB4E2629BB1A1B002C64CE /* AllGroupsResponse.swift in Sources */,
				84C2C84229BF140700F139D8 /* UIImageView+Extension.swift in Sources */,
				84EB4E1E29BB0D66002C64CE /* RequestError.swift in Sources */,
				84EB4E2029BB0DCC002C64CE /* HTTPClient.swift in Sources */,
				84C8EBBF29C0A0BC0090AFCE /* RegisterPresenter.swift in Sources */,
				84C8EBD229C0CDB80090AFCE /* LoginWorker.swift in Sources */,
				843167E12992335300908312 /* AppDelegate.swift in Sources */,
				84C8EBB529C094CE0090AFCE /* WelcomeRouter.swift in Sources */,
				84C8EBB329C094CE0090AFCE /* WelcomeModels.swift in Sources */,
				84C8EBC129C0A0BC0090AFCE /* RegisterModels.swift in Sources */,
				843167E32992335300908312 /* SceneDelegate.swift in Sources */,
				84C2C85529BF7A1000F139D8 /* HomeWorker.swift in Sources */,
				8446CBDB29B0DB0C00442F53 /* WelcomeVC.swift in Sources */,
			);
			runOnlyForDeploymentPostprocessing = 0;
		};
		843167EF2992335400908312 /* Sources */ = {
			isa = PBXSourcesBuildPhase;
			buildActionMask = 2147483647;
			files = (
				843167F82992335400908312 /* YoungTalentTests.swift in Sources */,
			);
			runOnlyForDeploymentPostprocessing = 0;
		};
		843167F92992335400908312 /* Sources */ = {
			isa = PBXSourcesBuildPhase;
			buildActionMask = 2147483647;
			files = (
				843168022992335400908312 /* YoungTalentUITests.swift in Sources */,
				843168042992335400908312 /* YoungTalentUITestsLaunchTests.swift in Sources */,
			);
			runOnlyForDeploymentPostprocessing = 0;
		};
/* End PBXSourcesBuildPhase section */

/* Begin PBXTargetDependency section */
		843167F52992335400908312 /* PBXTargetDependency */ = {
			isa = PBXTargetDependency;
			target = 843167DC2992335300908312 /* YoungTalent */;
			targetProxy = 843167F42992335400908312 /* PBXContainerItemProxy */;
		};
		843167FF2992335400908312 /* PBXTargetDependency */ = {
			isa = PBXTargetDependency;
			target = 843167DC2992335300908312 /* YoungTalent */;
			targetProxy = 843167FE2992335400908312 /* PBXContainerItemProxy */;
		};
/* End PBXTargetDependency section */

/* Begin PBXVariantGroup section */
		843167E62992335300908312 /* Main.storyboard */ = {
			isa = PBXVariantGroup;
			children = (
				843167E72992335300908312 /* Base */,
			);
			name = Main.storyboard;
			sourceTree = "<group>";
		};
		843167EB2992335400908312 /* LaunchScreen.storyboard */ = {
			isa = PBXVariantGroup;
			children = (
				843167EC2992335400908312 /* Base */,
			);
			name = LaunchScreen.storyboard;
			sourceTree = "<group>";
		};
/* End PBXVariantGroup section */

/* Begin XCBuildConfiguration section */
		843168052992335400908312 /* ProductionDebug */ = {
			isa = XCBuildConfiguration;
			baseConfigurationReference = 843168112992338500908312 /* Production.xcconfig */;
			buildSettings = {
				ALWAYS_SEARCH_USER_PATHS = NO;
				CLANG_ANALYZER_NONNULL = YES;
				CLANG_ANALYZER_NUMBER_OBJECT_CONVERSION = YES_AGGRESSIVE;
				CLANG_CXX_LANGUAGE_STANDARD = "gnu++20";
				CLANG_ENABLE_MODULES = YES;
				CLANG_ENABLE_OBJC_ARC = YES;
				CLANG_ENABLE_OBJC_WEAK = YES;
				CLANG_WARN_BLOCK_CAPTURE_AUTORELEASING = YES;
				CLANG_WARN_BOOL_CONVERSION = YES;
				CLANG_WARN_COMMA = YES;
				CLANG_WARN_CONSTANT_CONVERSION = YES;
				CLANG_WARN_DEPRECATED_OBJC_IMPLEMENTATIONS = YES;
				CLANG_WARN_DIRECT_OBJC_ISA_USAGE = YES_ERROR;
				CLANG_WARN_DOCUMENTATION_COMMENTS = YES;
				CLANG_WARN_EMPTY_BODY = YES;
				CLANG_WARN_ENUM_CONVERSION = YES;
				CLANG_WARN_INFINITE_RECURSION = YES;
				CLANG_WARN_INT_CONVERSION = YES;
				CLANG_WARN_NON_LITERAL_NULL_CONVERSION = YES;
				CLANG_WARN_OBJC_IMPLICIT_RETAIN_SELF = YES;
				CLANG_WARN_OBJC_LITERAL_CONVERSION = YES;
				CLANG_WARN_OBJC_ROOT_CLASS = YES_ERROR;
				CLANG_WARN_QUOTED_INCLUDE_IN_FRAMEWORK_HEADER = YES;
				CLANG_WARN_RANGE_LOOP_ANALYSIS = YES;
				CLANG_WARN_STRICT_PROTOTYPES = YES;
				CLANG_WARN_SUSPICIOUS_MOVE = YES;
				CLANG_WARN_UNGUARDED_AVAILABILITY = YES_AGGRESSIVE;
				CLANG_WARN_UNREACHABLE_CODE = YES;
				CLANG_WARN__DUPLICATE_METHOD_MATCH = YES;
				COPY_PHASE_STRIP = NO;
				DEBUG_INFORMATION_FORMAT = dwarf;
				ENABLE_STRICT_OBJC_MSGSEND = YES;
				ENABLE_TESTABILITY = YES;
				GCC_C_LANGUAGE_STANDARD = gnu11;
				GCC_DYNAMIC_NO_PIC = NO;
				GCC_NO_COMMON_BLOCKS = YES;
				GCC_OPTIMIZATION_LEVEL = 0;
				GCC_PREPROCESSOR_DEFINITIONS = (
					"DEBUG=1",
					"$(inherited)",
				);
				GCC_WARN_64_TO_32_BIT_CONVERSION = YES;
				GCC_WARN_ABOUT_RETURN_TYPE = YES_ERROR;
				GCC_WARN_UNDECLARED_SELECTOR = YES;
				GCC_WARN_UNINITIALIZED_AUTOS = YES_AGGRESSIVE;
				GCC_WARN_UNUSED_FUNCTION = YES;
				GCC_WARN_UNUSED_VARIABLE = YES;
				IPHONEOS_DEPLOYMENT_TARGET = 16.2;
				MTL_ENABLE_DEBUG_INFO = INCLUDE_SOURCE;
				MTL_FAST_MATH = YES;
				ONLY_ACTIVE_ARCH = YES;
				SDKROOT = iphoneos;
				SWIFT_ACTIVE_COMPILATION_CONDITIONS = DEBUG;
				SWIFT_OPTIMIZATION_LEVEL = "-Onone";
			};
			name = ProductionDebug;
		};
		843168062992335400908312 /* ProductionRelease */ = {
			isa = XCBuildConfiguration;
			baseConfigurationReference = 843168112992338500908312 /* Production.xcconfig */;
			buildSettings = {
				ALWAYS_SEARCH_USER_PATHS = NO;
				CLANG_ANALYZER_NONNULL = YES;
				CLANG_ANALYZER_NUMBER_OBJECT_CONVERSION = YES_AGGRESSIVE;
				CLANG_CXX_LANGUAGE_STANDARD = "gnu++20";
				CLANG_ENABLE_MODULES = YES;
				CLANG_ENABLE_OBJC_ARC = YES;
				CLANG_ENABLE_OBJC_WEAK = YES;
				CLANG_WARN_BLOCK_CAPTURE_AUTORELEASING = YES;
				CLANG_WARN_BOOL_CONVERSION = YES;
				CLANG_WARN_COMMA = YES;
				CLANG_WARN_CONSTANT_CONVERSION = YES;
				CLANG_WARN_DEPRECATED_OBJC_IMPLEMENTATIONS = YES;
				CLANG_WARN_DIRECT_OBJC_ISA_USAGE = YES_ERROR;
				CLANG_WARN_DOCUMENTATION_COMMENTS = YES;
				CLANG_WARN_EMPTY_BODY = YES;
				CLANG_WARN_ENUM_CONVERSION = YES;
				CLANG_WARN_INFINITE_RECURSION = YES;
				CLANG_WARN_INT_CONVERSION = YES;
				CLANG_WARN_NON_LITERAL_NULL_CONVERSION = YES;
				CLANG_WARN_OBJC_IMPLICIT_RETAIN_SELF = YES;
				CLANG_WARN_OBJC_LITERAL_CONVERSION = YES;
				CLANG_WARN_OBJC_ROOT_CLASS = YES_ERROR;
				CLANG_WARN_QUOTED_INCLUDE_IN_FRAMEWORK_HEADER = YES;
				CLANG_WARN_RANGE_LOOP_ANALYSIS = YES;
				CLANG_WARN_STRICT_PROTOTYPES = YES;
				CLANG_WARN_SUSPICIOUS_MOVE = YES;
				CLANG_WARN_UNGUARDED_AVAILABILITY = YES_AGGRESSIVE;
				CLANG_WARN_UNREACHABLE_CODE = YES;
				CLANG_WARN__DUPLICATE_METHOD_MATCH = YES;
				COPY_PHASE_STRIP = NO;
				DEBUG_INFORMATION_FORMAT = "dwarf-with-dsym";
				ENABLE_NS_ASSERTIONS = NO;
				ENABLE_STRICT_OBJC_MSGSEND = YES;
				GCC_C_LANGUAGE_STANDARD = gnu11;
				GCC_NO_COMMON_BLOCKS = YES;
				GCC_WARN_64_TO_32_BIT_CONVERSION = YES;
				GCC_WARN_ABOUT_RETURN_TYPE = YES_ERROR;
				GCC_WARN_UNDECLARED_SELECTOR = YES;
				GCC_WARN_UNINITIALIZED_AUTOS = YES_AGGRESSIVE;
				GCC_WARN_UNUSED_FUNCTION = YES;
				GCC_WARN_UNUSED_VARIABLE = YES;
				IPHONEOS_DEPLOYMENT_TARGET = 16.2;
				MTL_ENABLE_DEBUG_INFO = NO;
				MTL_FAST_MATH = YES;
				SDKROOT = iphoneos;
				SWIFT_COMPILATION_MODE = wholemodule;
				SWIFT_OPTIMIZATION_LEVEL = "-O";
				VALIDATE_PRODUCT = YES;
			};
			name = ProductionRelease;
		};
		843168082992335400908312 /* ProductionDebug */ = {
			isa = XCBuildConfiguration;
			baseConfigurationReference = 843168112992338500908312 /* Production.xcconfig */;
			buildSettings = {
				ASSETCATALOG_COMPILER_APPICON_NAME = AppIcon;
				ASSETCATALOG_COMPILER_GLOBAL_ACCENT_COLOR_NAME = AccentColor;
				CODE_SIGN_STYLE = Manual;
				CURRENT_PROJECT_VERSION = 2.1;
				DEVELOPMENT_TEAM = "";
				GENERATE_INFOPLIST_FILE = YES;
				INFOPLIST_FILE = YoungTalent/Resources/Info.plist;
				INFOPLIST_KEY_UIApplicationSupportsIndirectInputEvents = YES;
				INFOPLIST_KEY_UILaunchStoryboardName = LaunchScreen;
				INFOPLIST_KEY_UIMainStoryboardFile = Main;
				INFOPLIST_KEY_UISupportedInterfaceOrientations_iPad = "UIInterfaceOrientationPortrait UIInterfaceOrientationPortraitUpsideDown UIInterfaceOrientationLandscapeLeft UIInterfaceOrientationLandscapeRight";
				INFOPLIST_KEY_UISupportedInterfaceOrientations_iPhone = "UIInterfaceOrientationPortrait UIInterfaceOrientationLandscapeLeft UIInterfaceOrientationLandscapeRight";
				LD_RUNPATH_SEARCH_PATHS = (
					"$(inherited)",
					"@executable_path/Frameworks",
				);
				MARKETING_VERSION = 1.0;
				PRODUCT_BUNDLE_IDENTIFIER = "$(BUNDLE_ID)";
				PRODUCT_NAME = "$(APP_NAME)";
				PROVISIONING_PROFILE_SPECIFIER = "";
				SWIFT_EMIT_LOC_STRINGS = YES;
				SWIFT_VERSION = 5.0;
				TARGETED_DEVICE_FAMILY = "1,2";
			};
			name = ProductionDebug;
		};
		843168092992335400908312 /* ProductionRelease */ = {
			isa = XCBuildConfiguration;
			baseConfigurationReference = 843168112992338500908312 /* Production.xcconfig */;
			buildSettings = {
				ASSETCATALOG_COMPILER_APPICON_NAME = AppIcon;
				ASSETCATALOG_COMPILER_GLOBAL_ACCENT_COLOR_NAME = AccentColor;
				CODE_SIGN_STYLE = Manual;
				CURRENT_PROJECT_VERSION = 2.1;
				DEVELOPMENT_TEAM = "";
				GENERATE_INFOPLIST_FILE = YES;
				INFOPLIST_FILE = YoungTalent/Resources/Info.plist;
				INFOPLIST_KEY_UIApplicationSupportsIndirectInputEvents = YES;
				INFOPLIST_KEY_UILaunchStoryboardName = LaunchScreen;
				INFOPLIST_KEY_UIMainStoryboardFile = Main;
				INFOPLIST_KEY_UISupportedInterfaceOrientations_iPad = "UIInterfaceOrientationPortrait UIInterfaceOrientationPortraitUpsideDown UIInterfaceOrientationLandscapeLeft UIInterfaceOrientationLandscapeRight";
				INFOPLIST_KEY_UISupportedInterfaceOrientations_iPhone = "UIInterfaceOrientationPortrait UIInterfaceOrientationLandscapeLeft UIInterfaceOrientationLandscapeRight";
				LD_RUNPATH_SEARCH_PATHS = (
					"$(inherited)",
					"@executable_path/Frameworks",
				);
				MARKETING_VERSION = 1.0;
				PRODUCT_BUNDLE_IDENTIFIER = "$(BUNDLE_ID)";
				PRODUCT_NAME = "$(APP_NAME)";
				PROVISIONING_PROFILE_SPECIFIER = "";
				SWIFT_EMIT_LOC_STRINGS = YES;
				SWIFT_VERSION = 5.0;
				TARGETED_DEVICE_FAMILY = "1,2";
			};
			name = ProductionRelease;
		};
		8431680B2992335400908312 /* ProductionDebug */ = {
			isa = XCBuildConfiguration;
			baseConfigurationReference = 843168112992338500908312 /* Production.xcconfig */;
			buildSettings = {
				ALWAYS_EMBED_SWIFT_STANDARD_LIBRARIES = YES;
				BUNDLE_LOADER = "$(TEST_HOST)";
				CODE_SIGN_STYLE = Automatic;
				CURRENT_PROJECT_VERSION = 2.1;
				DEVELOPMENT_TEAM = KWWXRF9N97;
				GENERATE_INFOPLIST_FILE = YES;
				IPHONEOS_DEPLOYMENT_TARGET = 16.2;
				MARKETING_VERSION = 1.0;
				PRODUCT_BUNDLE_IDENTIFIER = cem.YoungTalentTests;
				PRODUCT_NAME = "$(TARGET_NAME)";
				SWIFT_EMIT_LOC_STRINGS = NO;
				SWIFT_VERSION = 5.0;
				TARGETED_DEVICE_FAMILY = "1,2";
				TEST_HOST = "$(BUILT_PRODUCTS_DIR)/YoungTalent.app/$(BUNDLE_EXECUTABLE_FOLDER_PATH)/YoungTalent";
			};
			name = ProductionDebug;
		};
		8431680C2992335400908312 /* ProductionRelease */ = {
			isa = XCBuildConfiguration;
			baseConfigurationReference = 843168112992338500908312 /* Production.xcconfig */;
			buildSettings = {
				ALWAYS_EMBED_SWIFT_STANDARD_LIBRARIES = YES;
				BUNDLE_LOADER = "$(TEST_HOST)";
				CODE_SIGN_STYLE = Automatic;
				CURRENT_PROJECT_VERSION = 2.1;
				DEVELOPMENT_TEAM = KWWXRF9N97;
				GENERATE_INFOPLIST_FILE = YES;
				IPHONEOS_DEPLOYMENT_TARGET = 16.2;
				MARKETING_VERSION = 1.0;
				PRODUCT_BUNDLE_IDENTIFIER = cem.YoungTalentTests;
				PRODUCT_NAME = "$(TARGET_NAME)";
				SWIFT_EMIT_LOC_STRINGS = NO;
				SWIFT_VERSION = 5.0;
				TARGETED_DEVICE_FAMILY = "1,2";
				TEST_HOST = "$(BUILT_PRODUCTS_DIR)/YoungTalent.app/$(BUNDLE_EXECUTABLE_FOLDER_PATH)/YoungTalent";
			};
			name = ProductionRelease;
		};
		8431680E2992335400908312 /* ProductionDebug */ = {
			isa = XCBuildConfiguration;
			baseConfigurationReference = 843168112992338500908312 /* Production.xcconfig */;
			buildSettings = {
				ALWAYS_EMBED_SWIFT_STANDARD_LIBRARIES = YES;
				CODE_SIGN_STYLE = Automatic;
				CURRENT_PROJECT_VERSION = 2.1;
				DEVELOPMENT_TEAM = KWWXRF9N97;
				GENERATE_INFOPLIST_FILE = YES;
				MARKETING_VERSION = 1.0;
				PRODUCT_BUNDLE_IDENTIFIER = cem.YoungTalentUITests;
				PRODUCT_NAME = "$(TARGET_NAME)";
				SWIFT_EMIT_LOC_STRINGS = NO;
				SWIFT_VERSION = 5.0;
				TARGETED_DEVICE_FAMILY = "1,2";
				TEST_TARGET_NAME = YoungTalent;
			};
			name = ProductionDebug;
		};
		8431680F2992335400908312 /* ProductionRelease */ = {
			isa = XCBuildConfiguration;
			baseConfigurationReference = 843168112992338500908312 /* Production.xcconfig */;
			buildSettings = {
				ALWAYS_EMBED_SWIFT_STANDARD_LIBRARIES = YES;
				CODE_SIGN_STYLE = Automatic;
				CURRENT_PROJECT_VERSION = 2.1;
				DEVELOPMENT_TEAM = KWWXRF9N97;
				GENERATE_INFOPLIST_FILE = YES;
				MARKETING_VERSION = 1.0;
				PRODUCT_BUNDLE_IDENTIFIER = cem.YoungTalentUITests;
				PRODUCT_NAME = "$(TARGET_NAME)";
				SWIFT_EMIT_LOC_STRINGS = NO;
				SWIFT_VERSION = 5.0;
				TARGETED_DEVICE_FAMILY = "1,2";
				TEST_TARGET_NAME = YoungTalent;
			};
			name = ProductionRelease;
		};
		843168132992396900908312 /* DevelopmentDebug */ = {
			isa = XCBuildConfiguration;
			baseConfigurationReference = 843168122992339400908312 /* Development.xcconfig */;
			buildSettings = {
				ALWAYS_SEARCH_USER_PATHS = NO;
				CLANG_ANALYZER_NONNULL = YES;
				CLANG_ANALYZER_NUMBER_OBJECT_CONVERSION = YES_AGGRESSIVE;
				CLANG_CXX_LANGUAGE_STANDARD = "gnu++20";
				CLANG_ENABLE_MODULES = YES;
				CLANG_ENABLE_OBJC_ARC = YES;
				CLANG_ENABLE_OBJC_WEAK = YES;
				CLANG_WARN_BLOCK_CAPTURE_AUTORELEASING = YES;
				CLANG_WARN_BOOL_CONVERSION = YES;
				CLANG_WARN_COMMA = YES;
				CLANG_WARN_CONSTANT_CONVERSION = YES;
				CLANG_WARN_DEPRECATED_OBJC_IMPLEMENTATIONS = YES;
				CLANG_WARN_DIRECT_OBJC_ISA_USAGE = YES_ERROR;
				CLANG_WARN_DOCUMENTATION_COMMENTS = YES;
				CLANG_WARN_EMPTY_BODY = YES;
				CLANG_WARN_ENUM_CONVERSION = YES;
				CLANG_WARN_INFINITE_RECURSION = YES;
				CLANG_WARN_INT_CONVERSION = YES;
				CLANG_WARN_NON_LITERAL_NULL_CONVERSION = YES;
				CLANG_WARN_OBJC_IMPLICIT_RETAIN_SELF = YES;
				CLANG_WARN_OBJC_LITERAL_CONVERSION = YES;
				CLANG_WARN_OBJC_ROOT_CLASS = YES_ERROR;
				CLANG_WARN_QUOTED_INCLUDE_IN_FRAMEWORK_HEADER = YES;
				CLANG_WARN_RANGE_LOOP_ANALYSIS = YES;
				CLANG_WARN_STRICT_PROTOTYPES = YES;
				CLANG_WARN_SUSPICIOUS_MOVE = YES;
				CLANG_WARN_UNGUARDED_AVAILABILITY = YES_AGGRESSIVE;
				CLANG_WARN_UNREACHABLE_CODE = YES;
				CLANG_WARN__DUPLICATE_METHOD_MATCH = YES;
				COPY_PHASE_STRIP = NO;
				DEBUG_INFORMATION_FORMAT = dwarf;
				ENABLE_STRICT_OBJC_MSGSEND = YES;
				ENABLE_TESTABILITY = YES;
				GCC_C_LANGUAGE_STANDARD = gnu11;
				GCC_DYNAMIC_NO_PIC = NO;
				GCC_NO_COMMON_BLOCKS = YES;
				GCC_OPTIMIZATION_LEVEL = 0;
				GCC_PREPROCESSOR_DEFINITIONS = (
					"DEBUG=1",
					"$(inherited)",
				);
				GCC_WARN_64_TO_32_BIT_CONVERSION = YES;
				GCC_WARN_ABOUT_RETURN_TYPE = YES_ERROR;
				GCC_WARN_UNDECLARED_SELECTOR = YES;
				GCC_WARN_UNINITIALIZED_AUTOS = YES_AGGRESSIVE;
				GCC_WARN_UNUSED_FUNCTION = YES;
				GCC_WARN_UNUSED_VARIABLE = YES;
				IPHONEOS_DEPLOYMENT_TARGET = 16.2;
				MTL_ENABLE_DEBUG_INFO = INCLUDE_SOURCE;
				MTL_FAST_MATH = YES;
				ONLY_ACTIVE_ARCH = YES;
				SDKROOT = iphoneos;
				SWIFT_ACTIVE_COMPILATION_CONDITIONS = DEBUG;
				SWIFT_OPTIMIZATION_LEVEL = "-Onone";
			};
			name = DevelopmentDebug;
		};
		843168142992396900908312 /* DevelopmentDebug */ = {
			isa = XCBuildConfiguration;
			baseConfigurationReference = 843168122992339400908312 /* Development.xcconfig */;
			buildSettings = {
				ASSETCATALOG_COMPILER_APPICON_NAME = AppIcon;
				ASSETCATALOG_COMPILER_GLOBAL_ACCENT_COLOR_NAME = AccentColor;
				CODE_SIGN_STYLE = Manual;
				CURRENT_PROJECT_VERSION = 2.1;
				DEVELOPMENT_TEAM = "";
				GENERATE_INFOPLIST_FILE = YES;
				INFOPLIST_FILE = YoungTalent/Resources/Info.plist;
				INFOPLIST_KEY_UIApplicationSupportsIndirectInputEvents = YES;
				INFOPLIST_KEY_UILaunchStoryboardName = LaunchScreen;
				INFOPLIST_KEY_UIMainStoryboardFile = Main;
				INFOPLIST_KEY_UISupportedInterfaceOrientations_iPad = "UIInterfaceOrientationPortrait UIInterfaceOrientationPortraitUpsideDown UIInterfaceOrientationLandscapeLeft UIInterfaceOrientationLandscapeRight";
				INFOPLIST_KEY_UISupportedInterfaceOrientations_iPhone = "UIInterfaceOrientationPortrait UIInterfaceOrientationLandscapeLeft UIInterfaceOrientationLandscapeRight";
				LD_RUNPATH_SEARCH_PATHS = (
					"$(inherited)",
					"@executable_path/Frameworks",
				);
				MARKETING_VERSION = 1.0;
				PRODUCT_BUNDLE_IDENTIFIER = "$(BUNDLE_ID)";
				PRODUCT_NAME = "$(APP_NAME)";
				PROVISIONING_PROFILE_SPECIFIER = "";
				SWIFT_EMIT_LOC_STRINGS = YES;
				SWIFT_VERSION = 5.0;
				TARGETED_DEVICE_FAMILY = "1,2";
			};
			name = DevelopmentDebug;
		};
		843168152992396900908312 /* DevelopmentDebug */ = {
			isa = XCBuildConfiguration;
			baseConfigurationReference = 843168122992339400908312 /* Development.xcconfig */;
			buildSettings = {
				ALWAYS_EMBED_SWIFT_STANDARD_LIBRARIES = YES;
				BUNDLE_LOADER = "$(TEST_HOST)";
				CODE_SIGN_STYLE = Automatic;
				CURRENT_PROJECT_VERSION = 2.1;
				DEVELOPMENT_TEAM = KWWXRF9N97;
				GENERATE_INFOPLIST_FILE = YES;
				IPHONEOS_DEPLOYMENT_TARGET = 16.2;
				MARKETING_VERSION = 1.0;
				PRODUCT_BUNDLE_IDENTIFIER = cem.YoungTalentTests;
				PRODUCT_NAME = "$(TARGET_NAME)";
				SWIFT_EMIT_LOC_STRINGS = NO;
				SWIFT_VERSION = 5.0;
				TARGETED_DEVICE_FAMILY = "1,2";
				TEST_HOST = "$(BUILT_PRODUCTS_DIR)/YoungTalent.app/$(BUNDLE_EXECUTABLE_FOLDER_PATH)/YoungTalent";
			};
			name = DevelopmentDebug;
		};
		843168162992396900908312 /* DevelopmentDebug */ = {
			isa = XCBuildConfiguration;
			baseConfigurationReference = 843168122992339400908312 /* Development.xcconfig */;
			buildSettings = {
				ALWAYS_EMBED_SWIFT_STANDARD_LIBRARIES = YES;
				CODE_SIGN_STYLE = Automatic;
				CURRENT_PROJECT_VERSION = 2.1;
				DEVELOPMENT_TEAM = KWWXRF9N97;
				GENERATE_INFOPLIST_FILE = YES;
				MARKETING_VERSION = 1.0;
				PRODUCT_BUNDLE_IDENTIFIER = cem.YoungTalentUITests;
				PRODUCT_NAME = "$(TARGET_NAME)";
				SWIFT_EMIT_LOC_STRINGS = NO;
				SWIFT_VERSION = 5.0;
				TARGETED_DEVICE_FAMILY = "1,2";
				TEST_TARGET_NAME = YoungTalent;
			};
			name = DevelopmentDebug;
		};
		843168172992397700908312 /* DevelopmentRelease */ = {
			isa = XCBuildConfiguration;
			baseConfigurationReference = 843168122992339400908312 /* Development.xcconfig */;
			buildSettings = {
				ALWAYS_SEARCH_USER_PATHS = NO;
				CLANG_ANALYZER_NONNULL = YES;
				CLANG_ANALYZER_NUMBER_OBJECT_CONVERSION = YES_AGGRESSIVE;
				CLANG_CXX_LANGUAGE_STANDARD = "gnu++20";
				CLANG_ENABLE_MODULES = YES;
				CLANG_ENABLE_OBJC_ARC = YES;
				CLANG_ENABLE_OBJC_WEAK = YES;
				CLANG_WARN_BLOCK_CAPTURE_AUTORELEASING = YES;
				CLANG_WARN_BOOL_CONVERSION = YES;
				CLANG_WARN_COMMA = YES;
				CLANG_WARN_CONSTANT_CONVERSION = YES;
				CLANG_WARN_DEPRECATED_OBJC_IMPLEMENTATIONS = YES;
				CLANG_WARN_DIRECT_OBJC_ISA_USAGE = YES_ERROR;
				CLANG_WARN_DOCUMENTATION_COMMENTS = YES;
				CLANG_WARN_EMPTY_BODY = YES;
				CLANG_WARN_ENUM_CONVERSION = YES;
				CLANG_WARN_INFINITE_RECURSION = YES;
				CLANG_WARN_INT_CONVERSION = YES;
				CLANG_WARN_NON_LITERAL_NULL_CONVERSION = YES;
				CLANG_WARN_OBJC_IMPLICIT_RETAIN_SELF = YES;
				CLANG_WARN_OBJC_LITERAL_CONVERSION = YES;
				CLANG_WARN_OBJC_ROOT_CLASS = YES_ERROR;
				CLANG_WARN_QUOTED_INCLUDE_IN_FRAMEWORK_HEADER = YES;
				CLANG_WARN_RANGE_LOOP_ANALYSIS = YES;
				CLANG_WARN_STRICT_PROTOTYPES = YES;
				CLANG_WARN_SUSPICIOUS_MOVE = YES;
				CLANG_WARN_UNGUARDED_AVAILABILITY = YES_AGGRESSIVE;
				CLANG_WARN_UNREACHABLE_CODE = YES;
				CLANG_WARN__DUPLICATE_METHOD_MATCH = YES;
				COPY_PHASE_STRIP = NO;
				DEBUG_INFORMATION_FORMAT = "dwarf-with-dsym";
				ENABLE_NS_ASSERTIONS = NO;
				ENABLE_STRICT_OBJC_MSGSEND = YES;
				GCC_C_LANGUAGE_STANDARD = gnu11;
				GCC_NO_COMMON_BLOCKS = YES;
				GCC_WARN_64_TO_32_BIT_CONVERSION = YES;
				GCC_WARN_ABOUT_RETURN_TYPE = YES_ERROR;
				GCC_WARN_UNDECLARED_SELECTOR = YES;
				GCC_WARN_UNINITIALIZED_AUTOS = YES_AGGRESSIVE;
				GCC_WARN_UNUSED_FUNCTION = YES;
				GCC_WARN_UNUSED_VARIABLE = YES;
				IPHONEOS_DEPLOYMENT_TARGET = 16.2;
				MTL_ENABLE_DEBUG_INFO = NO;
				MTL_FAST_MATH = YES;
				SDKROOT = iphoneos;
				SWIFT_COMPILATION_MODE = wholemodule;
				SWIFT_OPTIMIZATION_LEVEL = "-O";
				VALIDATE_PRODUCT = YES;
			};
			name = DevelopmentRelease;
		};
		843168182992397700908312 /* DevelopmentRelease */ = {
			isa = XCBuildConfiguration;
			baseConfigurationReference = 843168122992339400908312 /* Development.xcconfig */;
			buildSettings = {
				ASSETCATALOG_COMPILER_APPICON_NAME = AppIcon;
				ASSETCATALOG_COMPILER_GLOBAL_ACCENT_COLOR_NAME = AccentColor;
				CODE_SIGN_STYLE = Manual;
				CURRENT_PROJECT_VERSION = 2.1;
				DEVELOPMENT_TEAM = "";
				GENERATE_INFOPLIST_FILE = YES;
				INFOPLIST_FILE = YoungTalent/Resources/Info.plist;
				INFOPLIST_KEY_UIApplicationSupportsIndirectInputEvents = YES;
				INFOPLIST_KEY_UILaunchStoryboardName = LaunchScreen;
				INFOPLIST_KEY_UIMainStoryboardFile = Main;
				INFOPLIST_KEY_UISupportedInterfaceOrientations_iPad = "UIInterfaceOrientationPortrait UIInterfaceOrientationPortraitUpsideDown UIInterfaceOrientationLandscapeLeft UIInterfaceOrientationLandscapeRight";
				INFOPLIST_KEY_UISupportedInterfaceOrientations_iPhone = "UIInterfaceOrientationPortrait UIInterfaceOrientationLandscapeLeft UIInterfaceOrientationLandscapeRight";
				LD_RUNPATH_SEARCH_PATHS = (
					"$(inherited)",
					"@executable_path/Frameworks",
				);
				MARKETING_VERSION = 1.0;
				PRODUCT_BUNDLE_IDENTIFIER = "$(BUNDLE_ID)";
				PRODUCT_NAME = "$(APP_NAME)";
				PROVISIONING_PROFILE_SPECIFIER = "";
				SWIFT_EMIT_LOC_STRINGS = YES;
				SWIFT_VERSION = 5.0;
				TARGETED_DEVICE_FAMILY = "1,2";
			};
			name = DevelopmentRelease;
		};
		843168192992397700908312 /* DevelopmentRelease */ = {
			isa = XCBuildConfiguration;
			baseConfigurationReference = 843168122992339400908312 /* Development.xcconfig */;
			buildSettings = {
				ALWAYS_EMBED_SWIFT_STANDARD_LIBRARIES = YES;
				BUNDLE_LOADER = "$(TEST_HOST)";
				CODE_SIGN_STYLE = Automatic;
				CURRENT_PROJECT_VERSION = 2.1;
				DEVELOPMENT_TEAM = KWWXRF9N97;
				GENERATE_INFOPLIST_FILE = YES;
				IPHONEOS_DEPLOYMENT_TARGET = 16.2;
				MARKETING_VERSION = 1.0;
				PRODUCT_BUNDLE_IDENTIFIER = cem.YoungTalentTests;
				PRODUCT_NAME = "$(TARGET_NAME)";
				SWIFT_EMIT_LOC_STRINGS = NO;
				SWIFT_VERSION = 5.0;
				TARGETED_DEVICE_FAMILY = "1,2";
				TEST_HOST = "$(BUILT_PRODUCTS_DIR)/YoungTalent.app/$(BUNDLE_EXECUTABLE_FOLDER_PATH)/YoungTalent";
			};
			name = DevelopmentRelease;
		};
		8431681A2992397700908312 /* DevelopmentRelease */ = {
			isa = XCBuildConfiguration;
			baseConfigurationReference = 843168122992339400908312 /* Development.xcconfig */;
			buildSettings = {
				ALWAYS_EMBED_SWIFT_STANDARD_LIBRARIES = YES;
				CODE_SIGN_STYLE = Automatic;
				CURRENT_PROJECT_VERSION = 2.1;
				DEVELOPMENT_TEAM = KWWXRF9N97;
				GENERATE_INFOPLIST_FILE = YES;
				MARKETING_VERSION = 1.0;
				PRODUCT_BUNDLE_IDENTIFIER = cem.YoungTalentUITests;
				PRODUCT_NAME = "$(TARGET_NAME)";
				SWIFT_EMIT_LOC_STRINGS = NO;
				SWIFT_VERSION = 5.0;
				TARGETED_DEVICE_FAMILY = "1,2";
				TEST_TARGET_NAME = YoungTalent;
			};
			name = DevelopmentRelease;
		};
/* End XCBuildConfiguration section */

/* Begin XCConfigurationList section */
		843167D82992335200908312 /* Build configuration list for PBXProject "YoungTalent" */ = {
			isa = XCConfigurationList;
			buildConfigurations = (
				843168052992335400908312 /* ProductionDebug */,
				843168132992396900908312 /* DevelopmentDebug */,
				843168062992335400908312 /* ProductionRelease */,
				843168172992397700908312 /* DevelopmentRelease */,
			);
			defaultConfigurationIsVisible = 0;
			defaultConfigurationName = ProductionDebug;
		};
		843168072992335400908312 /* Build configuration list for PBXNativeTarget "YoungTalent" */ = {
			isa = XCConfigurationList;
			buildConfigurations = (
				843168082992335400908312 /* ProductionDebug */,
				843168142992396900908312 /* DevelopmentDebug */,
				843168092992335400908312 /* ProductionRelease */,
				843168182992397700908312 /* DevelopmentRelease */,
			);
			defaultConfigurationIsVisible = 0;
			defaultConfigurationName = ProductionDebug;
		};
		8431680A2992335400908312 /* Build configuration list for PBXNativeTarget "YoungTalentTests" */ = {
			isa = XCConfigurationList;
			buildConfigurations = (
				8431680B2992335400908312 /* ProductionDebug */,
				843168152992396900908312 /* DevelopmentDebug */,
				8431680C2992335400908312 /* ProductionRelease */,
				843168192992397700908312 /* DevelopmentRelease */,
			);
			defaultConfigurationIsVisible = 0;
			defaultConfigurationName = ProductionDebug;
		};
		8431680D2992335400908312 /* Build configuration list for PBXNativeTarget "YoungTalentUITests" */ = {
			isa = XCConfigurationList;
			buildConfigurations = (
				8431680E2992335400908312 /* ProductionDebug */,
				843168162992396900908312 /* DevelopmentDebug */,
				8431680F2992335400908312 /* ProductionRelease */,
				8431681A2992397700908312 /* DevelopmentRelease */,
			);
			defaultConfigurationIsVisible = 0;
			defaultConfigurationName = ProductionDebug;
		};
/* End XCConfigurationList section */
	};
	rootObject = 843167D52992335200908312 /* Project object */;
}
